4. Verify that the lock file is/.github/workflows/deploy.yml) does not remove or present in the root of your repository (the same ignore the lock file during build steps.

### folder as your `package.json`).

**Code suggestion:**  
Summary

Add and commit the appropriate lock fileMake sure to add the lock file to your repository root. (`yarn.lock` or `package-lock.json`) to your For example, if you use Yarn:
```bash
# In your repository root. This will resolve the job failure related to missing dependency lock files in your GitHub Actions project root
yarn install
git add yarn.lock
git commit -m "Add missing workflow. yarn.lock"
git push
